{
  "name": "dom-anim",
  "version": "1.0.0",
  "lockfileVersion": 3,
  "requires": true,
  "packages": {
    "": {
      "name": "dom-anim",
      "version": "1.0.0",
      "license": "MIT",
      "dependencies": {
        "jmespath": "^0.16.0"
      },
      "devDependencies": {
        "@types/jmespath": "^0.15.1",
        "typescript": "^5.0.0"
      }
    },
    "node_modules/@types/jmespath": {
      "version": "0.15.2",
      "resolved": "https://registry.npmjs.org/@types/jmespath/-/jmespath-0.15.2.tgz",
      "integrity": "sha512-pegh49FtNsC389Flyo9y8AfkVIZn9MMPE9yJrO9svhq6Fks2MwymULWjZqySuxmctd3ZH4/n7Mr98D+1Qo5vGA==",
      "dev": true,
      "license": "MIT"
    },
    "node_modules/jmespath": {
      "version": "0.16.0",
      "resolved": "https://registry.npmjs.org/jmespath/-/jmespath-0.16.0.tgz",
      "integrity": "sha512-9FzQjJ7MATs1tSpnco1K6ayiYE3figslrXA72G2HQ/n76RzvYlofyi5QM+iX4YRs/pu3yzxlVQSST23+dMDknw==",
      "license": "Apache-2.0",
      "engines": {
        "node": ">= 0.6.0"
      }
    },
    "node_modules/typescript": {
      "version": "5.9.3",
      "resolved": "https://registry.npmjs.org/typescript/-/typescript-5.9.3.tgz",
      "integrity": "sha512-jl1vZzPDinLr9eUt3J/t7V6FgNEw9QjvBPdysz9KfQDD41fQrC2Y4vKQdiaUpFT4bXlb1RHhLpp8wtm6M5TgSw==",
      "dev": true,
      "license": "Apache-2.0",
      "bin": {
        "tsc": "bin/tsc",
        "tsserver": "bin/tsserver"
      },
      "engines": {
        "node": ">=14.17"
      }
    }
  }
}
